PODS:
  - pop (1.0.9)
  - Realm (2.1.0):
    - Realm/Headers (= 2.1.0)
  - Realm/Headers (2.1.0)
  - RealmSwift (2.1.0):
    - Realm (= 2.1.0)

DEPENDENCIES:
  - pop (~> 1.0)
  - RealmSwift

SPEC CHECKSUMS:
  pop: f667631a5108a2e60d9e8797c9b32ddaf2080bce
  Realm: bc829ad0ef3d4eea70c34cfcc3b1704d18d50df1
  RealmSwift: a4d4abbf0088c337cab5b738054395842e4b3052

PODFILE CHECKSUM: ff34f2cff6e0d4a1c3ba072f85e9a763154a40a6

COCOAPODS: 1.0.1
