// !$*UTF8*$!
{
	archiveVersion = 1;
	classes = {
	};
	objectVersion = 46;
	objects = {

/* Begin PBXBuildFile section */
		5B04A4DB1DE21E51000C12A9 /* AppDelegate.swift in Sources */ = {isa = PBXBuildFile; fileRef = 5B04A4DA1DE21E51000C12A9 /* AppDelegate.swift */; };
		5B04A4E01DE21E51000C12A9 /* Main.storyboard in Resources */ = {isa = PBXBuildFile; fileRef = 5B04A4DE1DE21E51000C12A9 /* Main.storyboard */; };
		5B04A4E21DE21E51000C12A9 /* Assets.xcassets in Resources */ = {isa = PBXBuildFile; fileRef = 5B04A4E11DE21E51000C12A9 /* Assets.xcassets */; };
		5B04A4E51DE21E51000C12A9 /* LaunchScreen.storyboard in Resources */ = {isa = PBXBuildFile; fileRef = 5B04A4E31DE21E51000C12A9 /* LaunchScreen.storyboard */; };
		5B04A4FB1DE23B3C000C12A9 /* libXlsxReaderWriter.a in Frameworks */ = {isa = PBXBuildFile; fileRef = 5B04A4F41DE23B18000C12A9 /* libXlsxReaderWriter.a */; };
		5B04A4FE1DE23B45000C12A9 /* libz.tbd in Frameworks */ = {isa = PBXBuildFile; fileRef = 5B04A4FD1DE23B45000C12A9 /* libz.tbd */; };
		5B190A861DE4F1190059F95E /* CreateNewProjectNoViewController.swift in Sources */ = {isa = PBXBuildFile; fileRef = 5B190A841DE4F1190059F95E /* CreateNewProjectNoViewController.swift */; };
		5B190A871DE4F1190059F95E /* CreateNewProjectNoViewController.xib in Resources */ = {isa = PBXBuildFile; fileRef = 5B190A851DE4F1190059F95E /* CreateNewProjectNoViewController.xib */; };
		5BB553861DE2459C00D98AE8 /* Types.swift in Sources */ = {isa = PBXBuildFile; fileRef = 5BB553831DE2459C00D98AE8 /* Types.swift */; };
		5BB553871DE2459C00D98AE8 /* WeekReport.swift in Sources */ = {isa = PBXBuildFile; fileRef = 5BB553841DE2459C00D98AE8 /* WeekReport.swift */; };
		5BB553881DE2459C00D98AE8 /* User.swift in Sources */ = {isa = PBXBuildFile; fileRef = 5BB553851DE2459C00D98AE8 /* User.swift */; };
		5BB553901DE2462A00D98AE8 /* WeeklyReportViewController.swift in Sources */ = {isa = PBXBuildFile; fileRef = 5BB5538A1DE2462A00D98AE8 /* WeeklyReportViewController.swift */; };
		5BB553911DE2462A00D98AE8 /* ReportInformationViewController.swift in Sources */ = {isa = PBXBuildFile; fileRef = 5BB5538B1DE2462A00D98AE8 /* ReportInformationViewController.swift */; };
		5BB553921DE2462A00D98AE8 /* WorkingHoursViewController.swift in Sources */ = {isa = PBXBuildFile; fileRef = 5BB5538C1DE2462A00D98AE8 /* WorkingHoursViewController.swift */; };
		5BB553931DE2462A00D98AE8 /* MealsViewController.swift in Sources */ = {isa = PBXBuildFile; fileRef = 5BB5538D1DE2462A00D98AE8 /* MealsViewController.swift */; };
		5BB553941DE2462A00D98AE8 /* CarInformationViewController.swift in Sources */ = {isa = PBXBuildFile; fileRef = 5BB5538E1DE2462A00D98AE8 /* CarInformationViewController.swift */; };
		5BB553951DE2462A00D98AE8 /* TimeManagementViewController.swift in Sources */ = {isa = PBXBuildFile; fileRef = 5BB5538F1DE2462A00D98AE8 /* TimeManagementViewController.swift */; };
		5BB5539F1DE2467100D98AE8 /* NumberInputViewController.swift in Sources */ = {isa = PBXBuildFile; fileRef = 5BB553971DE2467100D98AE8 /* NumberInputViewController.swift */; };
		5BB553A01DE2467100D98AE8 /* NumberInputViewController.xib in Resources */ = {isa = PBXBuildFile; fileRef = 5BB553981DE2467100D98AE8 /* NumberInputViewController.xib */; };
		5BB553A11DE2467100D98AE8 /* StringInputViewController.swift in Sources */ = {isa = PBXBuildFile; fileRef = 5BB553991DE2467100D98AE8 /* StringInputViewController.swift */; };
		5BB553A21DE2467100D98AE8 /* StringInputViewController.xib in Resources */ = {isa = PBXBuildFile; fileRef = 5BB5539A1DE2467100D98AE8 /* StringInputViewController.xib */; };
		5BB553A31DE2467100D98AE8 /* DateInputViewController.swift in Sources */ = {isa = PBXBuildFile; fileRef = 5BB5539B1DE2467100D98AE8 /* DateInputViewController.swift */; };
		5BB553A41DE2467100D98AE8 /* DateInputViewController.xib in Resources */ = {isa = PBXBuildFile; fileRef = 5BB5539C1DE2467100D98AE8 /* DateInputViewController.xib */; };
		5BB553A51DE2467100D98AE8 /* CreateReportViewController.swift in Sources */ = {isa = PBXBuildFile; fileRef = 5BB5539D1DE2467100D98AE8 /* CreateReportViewController.swift */; };
		5BB553A61DE2467100D98AE8 /* CreateReportViewController.xib in Resources */ = {isa = PBXBuildFile; fileRef = 5BB5539E1DE2467100D98AE8 /* CreateReportViewController.xib */; };
		5BB553AC1DE2469500D98AE8 /* ReportWeekTableViewCell.swift in Sources */ = {isa = PBXBuildFile; fileRef = 5BB553A81DE2469500D98AE8 /* ReportWeekTableViewCell.swift */; };
		5BB553AD1DE2469500D98AE8 /* ReportWeekTableViewCell.xib in Resources */ = {isa = PBXBuildFile; fileRef = 5BB553A91DE2469500D98AE8 /* ReportWeekTableViewCell.xib */; };
		5BB553AE1DE2469500D98AE8 /* InputFieldTableViewCell.swift in Sources */ = {isa = PBXBuildFile; fileRef = 5BB553AA1DE2469500D98AE8 /* InputFieldTableViewCell.swift */; };
		5BB553AF1DE2469500D98AE8 /* InputFieldTableViewCell.xib in Resources */ = {isa = PBXBuildFile; fileRef = 5BB553AB1DE2469500D98AE8 /* InputFieldTableViewCell.xib */; };
		5BB553B71DE246AA00D98AE8 /* ErrorViewController.swift in Sources */ = {isa = PBXBuildFile; fileRef = 5BB553B11DE246AA00D98AE8 /* ErrorViewController.swift */; };
		5BB553B81DE246AA00D98AE8 /* ErrorViewController.xib in Resources */ = {isa = PBXBuildFile; fileRef = 5BB553B21DE246AA00D98AE8 /* ErrorViewController.xib */; };
		5BB553B91DE246AA00D98AE8 /* Time.swift in Sources */ = {isa = PBXBuildFile; fileRef = 5BB553B31DE246AA00D98AE8 /* Time.swift */; };
		5BB553BA1DE246AA00D98AE8 /* arrow.png in Resources */ = {isa = PBXBuildFile; fileRef = 5BB553B41DE246AA00D98AE8 /* arrow.png */; };
		5BB553BB1DE246AA00D98AE8 /* Grøn cirkel.png in Resources */ = {isa = PBXBuildFile; fileRef = 5BB553B51DE246AA00D98AE8 /* Grøn cirkel.png */; };
		5BB553BC1DE246AA00D98AE8 /* Rød cirkel.png in Resources */ = {isa = PBXBuildFile; fileRef = 5BB553B61DE246AA00D98AE8 /* Rød cirkel.png */; };
		5BB553C01DE2478B00D98AE8 /* RootViewController.swift in Sources */ = {isa = PBXBuildFile; fileRef = 5BB553BE1DE2478B00D98AE8 /* RootViewController.swift */; };
		5BB553C11DE2478B00D98AE8 /* ProfileInformationViewController.swift in Sources */ = {isa = PBXBuildFile; fileRef = 5BB553BF1DE2478B00D98AE8 /* ProfileInformationViewController.swift */; };
		5BB553C31DE24EE100D98AE8 /* OnboardingNameViewController.swift in Sources */ = {isa = PBXBuildFile; fileRef = 5BB553C21DE24EE100D98AE8 /* OnboardingNameViewController.swift */; };
		5BB553C51DE24F6500D98AE8 /* OnboardingInspectorNumberViewController.swift in Sources */ = {isa = PBXBuildFile; fileRef = 5BB553C41DE24F6500D98AE8 /* OnboardingInspectorNumberViewController.swift */; };
		5BF133A61DE4FD5600E53823 /* CreateNewCustomerViewController.swift in Sources */ = {isa = PBXBuildFile; fileRef = 5BF133A41DE4FD5600E53823 /* CreateNewCustomerViewController.swift */; };
		5BF133A71DE4FD5600E53823 /* CreateNewCustomerViewController.xib in Resources */ = {isa = PBXBuildFile; fileRef = 5BF133A51DE4FD5600E53823 /* CreateNewCustomerViewController.xib */; };
		8F865C3F7473A965B01D0A3B /* Pods_GramApp.framework in Frameworks */ = {isa = PBXBuildFile; fileRef = E622E3EDBBD102DC0F1DA5E7 /* Pods_GramApp.framework */; };
/* End PBXBuildFile section */

/* Begin PBXContainerItemProxy section */
		5B04A4F31DE23B18000C12A9 /* PBXContainerItemProxy */ = {
			isa = PBXContainerItemProxy;
			containerPortal = 5B04A4EC1DE23B18000C12A9 /* XlsxReaderWriter.xcodeproj */;
			proxyType = 2;
			remoteGlobalIDString = 45B6E23A1A148F7500288A78;
			remoteInfo = XlsxReaderWriter;
		};
		5B04A4F51DE23B18000C12A9 /* PBXContainerItemProxy */ = {
			isa = PBXContainerItemProxy;
			containerPortal = 5B04A4EC1DE23B18000C12A9 /* XlsxReaderWriter.xcodeproj */;
			proxyType = 2;
			remoteGlobalIDString = 45B6E2451A148F7500288A78;
			remoteInfo = XlsxReaderWriterTests;
		};
		5B04A4F71DE23B18000C12A9 /* PBXContainerItemProxy */ = {
			isa = PBXContainerItemProxy;
			containerPortal = 5B04A4EC1DE23B18000C12A9 /* XlsxReaderWriter.xcodeproj */;
			proxyType = 2;
			remoteGlobalIDString = 22156D581C46B42500BB5779;
			remoteInfo = "XlsxReaderWriter Mac";
		};
		5B04A4F91DE23B2E000C12A9 /* PBXContainerItemProxy */ = {
			isa = PBXContainerItemProxy;
			containerPortal = 5B04A4EC1DE23B18000C12A9 /* XlsxReaderWriter.xcodeproj */;
			proxyType = 1;
			remoteGlobalIDString = 45B6E2391A148F7500288A78;
			remoteInfo = XlsxReaderWriter;
		};
/* End PBXContainerItemProxy section */

/* Begin PBXFileReference section */
		51F1A27B8337D05E9AFC1189 /* Pods-GramApp.debug.xcconfig */ = {isa = PBXFileReference; includeInIndex = 1; lastKnownFileType = text.xcconfig; name = "Pods-GramApp.debug.xcconfig"; path = "Pods/Target Support Files/Pods-GramApp/Pods-GramApp.debug.xcconfig"; sourceTree = "<group>"; };
		5B04A4D71DE21E51000C12A9 /* GramApp.app */ = {isa = PBXFileReference; explicitFileType = wrapper.application; includeInIndex = 0; path = GramApp.app; sourceTree = BUILT_PRODUCTS_DIR; };
		5B04A4DA1DE21E51000C12A9 /* AppDelegate.swift */ = {isa = PBXFileReference; lastKnownFileType = sourcecode.swift; path = AppDelegate.swift; sourceTree = "<group>"; };
		5B04A4DF1DE21E51000C12A9 /* Base */ = {isa = PBXFileReference; lastKnownFileType = file.storyboard; name = Base; path = Base.lproj/Main.storyboard; sourceTree = "<group>"; };
		5B04A4E11DE21E51000C12A9 /* Assets.xcassets */ = {isa = PBXFileReference; lastKnownFileType = folder.assetcatalog; path = Assets.xcassets; sourceTree = "<group>"; };
		5B04A4E41DE21E51000C12A9 /* Base */ = {isa = PBXFileReference; lastKnownFileType = file.storyboard; name = Base; path = Base.lproj/LaunchScreen.storyboard; sourceTree = "<group>"; };
		5B04A4E61DE21E51000C12A9 /* Info.plist */ = {isa = PBXFileReference; lastKnownFileType = text.plist.xml; path = Info.plist; sourceTree = "<group>"; };
		5B04A4EC1DE23B18000C12A9 /* XlsxReaderWriter.xcodeproj */ = {isa = PBXFileReference; lastKnownFileType = "wrapper.pb-project"; name = XlsxReaderWriter.xcodeproj; path = "XlsxReaderWriter-master/XlsxReaderWriter.xcodeproj"; sourceTree = "<group>"; };
		5B04A4FD1DE23B45000C12A9 /* libz.tbd */ = {isa = PBXFileReference; lastKnownFileType = "sourcecode.text-based-dylib-definition"; name = libz.tbd; path = usr/lib/libz.tbd; sourceTree = SDKROOT; };
		5B04A4FF1DE23C03000C12A9 /* GramApp-Bridging-Header.h */ = {isa = PBXFileReference; lastKnownFileType = sourcecode.c.h; path = "GramApp-Bridging-Header.h"; sourceTree = "<group>"; };
		5B190A841DE4F1190059F95E /* CreateNewProjectNoViewController.swift */ = {isa = PBXFileReference; fileEncoding = 4; lastKnownFileType = sourcecode.swift; path = CreateNewProjectNoViewController.swift; sourceTree = "<group>"; };
		5B190A851DE4F1190059F95E /* CreateNewProjectNoViewController.xib */ = {isa = PBXFileReference; fileEncoding = 4; lastKnownFileType = file.xib; path = CreateNewProjectNoViewController.xib; sourceTree = "<group>"; };
		5BB553831DE2459C00D98AE8 /* Types.swift */ = {isa = PBXFileReference; fileEncoding = 4; lastKnownFileType = sourcecode.swift; path = Types.swift; sourceTree = "<group>"; };
		5BB553841DE2459C00D98AE8 /* WeekReport.swift */ = {isa = PBXFileReference; fileEncoding = 4; lastKnownFileType = sourcecode.swift; path = WeekReport.swift; sourceTree = "<group>"; };
		5BB553851DE2459C00D98AE8 /* User.swift */ = {isa = PBXFileReference; fileEncoding = 4; lastKnownFileType = sourcecode.swift; path = User.swift; sourceTree = "<group>"; };
		5BB5538A1DE2462A00D98AE8 /* WeeklyReportViewController.swift */ = {isa = PBXFileReference; fileEncoding = 4; lastKnownFileType = sourcecode.swift; path = WeeklyReportViewController.swift; sourceTree = "<group>"; };
		5BB5538B1DE2462A00D98AE8 /* ReportInformationViewController.swift */ = {isa = PBXFileReference; fileEncoding = 4; lastKnownFileType = sourcecode.swift; path = ReportInformationViewController.swift; sourceTree = "<group>"; };
		5BB5538C1DE2462A00D98AE8 /* WorkingHoursViewController.swift */ = {isa = PBXFileReference; fileEncoding = 4; lastKnownFileType = sourcecode.swift; path = WorkingHoursViewController.swift; sourceTree = "<group>"; };
		5BB5538D1DE2462A00D98AE8 /* MealsViewController.swift */ = {isa = PBXFileReference; fileEncoding = 4; lastKnownFileType = sourcecode.swift; path = MealsViewController.swift; sourceTree = "<group>"; };
		5BB5538E1DE2462A00D98AE8 /* CarInformationViewController.swift */ = {isa = PBXFileReference; fileEncoding = 4; lastKnownFileType = sourcecode.swift; path = CarInformationViewController.swift; sourceTree = "<group>"; };
		5BB5538F1DE2462A00D98AE8 /* TimeManagementViewController.swift */ = {isa = PBXFileReference; fileEncoding = 4; lastKnownFileType = sourcecode.swift; path = TimeManagementViewController.swift; sourceTree = "<group>"; };
		5BB553971DE2467100D98AE8 /* NumberInputViewController.swift */ = {isa = PBXFileReference; fileEncoding = 4; lastKnownFileType = sourcecode.swift; path = NumberInputViewController.swift; sourceTree = "<group>"; };
		5BB553981DE2467100D98AE8 /* NumberInputViewController.xib */ = {isa = PBXFileReference; fileEncoding = 4; lastKnownFileType = file.xib; path = NumberInputViewController.xib; sourceTree = "<group>"; };
		5BB553991DE2467100D98AE8 /* StringInputViewController.swift */ = {isa = PBXFileReference; fileEncoding = 4; lastKnownFileType = sourcecode.swift; path = StringInputViewController.swift; sourceTree = "<group>"; };
		5BB5539A1DE2467100D98AE8 /* StringInputViewController.xib */ = {isa = PBXFileReference; fileEncoding = 4; lastKnownFileType = file.xib; path = StringInputViewController.xib; sourceTree = "<group>"; };
		5BB5539B1DE2467100D98AE8 /* DateInputViewController.swift */ = {isa = PBXFileReference; fileEncoding = 4; lastKnownFileType = sourcecode.swift; path = DateInputViewController.swift; sourceTree = "<group>"; };
		5BB5539C1DE2467100D98AE8 /* DateInputViewController.xib */ = {isa = PBXFileReference; fileEncoding = 4; lastKnownFileType = file.xib; path = DateInputViewController.xib; sourceTree = "<group>"; };
		5BB5539D1DE2467100D98AE8 /* CreateReportViewController.swift */ = {isa = PBXFileReference; fileEncoding = 4; lastKnownFileType = sourcecode.swift; path = CreateReportViewController.swift; sourceTree = "<group>"; };
		5BB5539E1DE2467100D98AE8 /* CreateReportViewController.xib */ = {isa = PBXFileReference; fileEncoding = 4; lastKnownFileType = file.xib; path = CreateReportViewController.xib; sourceTree = "<group>"; };
		5BB553A81DE2469500D98AE8 /* ReportWeekTableViewCell.swift */ = {isa = PBXFileReference; fileEncoding = 4; lastKnownFileType = sourcecode.swift; path = ReportWeekTableViewCell.swift; sourceTree = "<group>"; };
		5BB553A91DE2469500D98AE8 /* ReportWeekTableViewCell.xib */ = {isa = PBXFileReference; fileEncoding = 4; lastKnownFileType = file.xib; path = ReportWeekTableViewCell.xib; sourceTree = "<group>"; };
		5BB553AA1DE2469500D98AE8 /* InputFieldTableViewCell.swift */ = {isa = PBXFileReference; fileEncoding = 4; lastKnownFileType = sourcecode.swift; path = InputFieldTableViewCell.swift; sourceTree = "<group>"; };
		5BB553AB1DE2469500D98AE8 /* InputFieldTableViewCell.xib */ = {isa = PBXFileReference; fileEncoding = 4; lastKnownFileType = file.xib; path = InputFieldTableViewCell.xib; sourceTree = "<group>"; };
		5BB553B11DE246AA00D98AE8 /* ErrorViewController.swift */ = {isa = PBXFileReference; fileEncoding = 4; lastKnownFileType = sourcecode.swift; path = ErrorViewController.swift; sourceTree = "<group>"; };
		5BB553B21DE246AA00D98AE8 /* ErrorViewController.xib */ = {isa = PBXFileReference; fileEncoding = 4; lastKnownFileType = file.xib; path = ErrorViewController.xib; sourceTree = "<group>"; };
		5BB553B31DE246AA00D98AE8 /* Time.swift */ = {isa = PBXFileReference; fileEncoding = 4; lastKnownFileType = sourcecode.swift; path = Time.swift; sourceTree = "<group>"; };
		5BB553B41DE246AA00D98AE8 /* arrow.png */ = {isa = PBXFileReference; lastKnownFileType = image.png; path = arrow.png; sourceTree = "<group>"; };
		5BB553B51DE246AA00D98AE8 /* Grøn cirkel.png */ = {isa = PBXFileReference; lastKnownFileType = image.png; path = "Grøn cirkel.png"; sourceTree = "<group>"; };
		5BB553B61DE246AA00D98AE8 /* Rød cirkel.png */ = {isa = PBXFileReference; lastKnownFileType = image.png; path = "Rød cirkel.png"; sourceTree = "<group>"; };
		5BB553BE1DE2478B00D98AE8 /* RootViewController.swift */ = {isa = PBXFileReference; fileEncoding = 4; lastKnownFileType = sourcecode.swift; path = RootViewController.swift; sourceTree = "<group>"; };
		5BB553BF1DE2478B00D98AE8 /* ProfileInformationViewController.swift */ = {isa = PBXFileReference; fileEncoding = 4; lastKnownFileType = sourcecode.swift; path = ProfileInformationViewController.swift; sourceTree = "<group>"; };
		5BB553C21DE24EE100D98AE8 /* OnboardingNameViewController.swift */ = {isa = PBXFileReference; fileEncoding = 4; lastKnownFileType = sourcecode.swift; path = OnboardingNameViewController.swift; sourceTree = "<group>"; };
		5BB553C41DE24F6500D98AE8 /* OnboardingInspectorNumberViewController.swift */ = {isa = PBXFileReference; fileEncoding = 4; lastKnownFileType = sourcecode.swift; path = OnboardingInspectorNumberViewController.swift; sourceTree = "<group>"; };
		5BF133A41DE4FD5600E53823 /* CreateNewCustomerViewController.swift */ = {isa = PBXFileReference; fileEncoding = 4; lastKnownFileType = sourcecode.swift; path = CreateNewCustomerViewController.swift; sourceTree = "<group>"; };
		5BF133A51DE4FD5600E53823 /* CreateNewCustomerViewController.xib */ = {isa = PBXFileReference; fileEncoding = 4; lastKnownFileType = file.xib; path = CreateNewCustomerViewController.xib; sourceTree = "<group>"; };
		99B99EC73C5C920578E318B7 /* Pods-GramApp.release.xcconfig */ = {isa = PBXFileReference; includeInIndex = 1; lastKnownFileType = text.xcconfig; name = "Pods-GramApp.release.xcconfig"; path = "Pods/Target Support Files/Pods-GramApp/Pods-GramApp.release.xcconfig"; sourceTree = "<group>"; };
		E622E3EDBBD102DC0F1DA5E7 /* Pods_GramApp.framework */ = {isa = PBXFileReference; explicitFileType = wrapper.framework; includeInIndex = 0; path = Pods_GramApp.framework; sourceTree = BUILT_PRODUCTS_DIR; };
/* End PBXFileReference section */

/* Begin PBXFrameworksBuildPhase section */
		5B04A4D41DE21E51000C12A9 /* Frameworks */ = {
			isa = PBXFrameworksBuildPhase;
			buildActionMask = 2147483647;
			files = (
				5B04A4FE1DE23B45000C12A9 /* libz.tbd in Frameworks */,
				5B04A4FB1DE23B3C000C12A9 /* libXlsxReaderWriter.a in Frameworks */,
				8F865C3F7473A965B01D0A3B /* Pods_GramApp.framework in Frameworks */,
			);
			runOnlyForDeploymentPostprocessing = 0;
		};
/* End PBXFrameworksBuildPhase section */

/* Begin PBXGroup section */
		5B04A4CE1DE21E51000C12A9 = {
			isa = PBXGroup;
			children = (
				5B04A4EC1DE23B18000C12A9 /* XlsxReaderWriter.xcodeproj */,
				5B04A4D91DE21E51000C12A9 /* GramApp */,
				5B04A4D81DE21E51000C12A9 /* Products */,
				5B04A4FC1DE23B45000C12A9 /* Frameworks */,
				CDC07F1C1393257912493D59 /* Pods */,
			);
			sourceTree = "<group>";
		};
		5B04A4D81DE21E51000C12A9 /* Products */ = {
			isa = PBXGroup;
			children = (
				5B04A4D71DE21E51000C12A9 /* GramApp.app */,
			);
			name = Products;
			sourceTree = "<group>";
		};
		5B04A4D91DE21E51000C12A9 /* GramApp */ = {
			isa = PBXGroup;
			children = (
				5BB553BE1DE2478B00D98AE8 /* RootViewController.swift */,
				5BB553BF1DE2478B00D98AE8 /* ProfileInformationViewController.swift */,
				5B04A4DE1DE21E51000C12A9 /* Main.storyboard */,
				5B190A801DE4EB850059F95E /* Onboarding */,
				5B190A831DE4ED700059F95E /* Create New */,
				5BB553B01DE2469900D98AE8 /* Cells */,
				5BB553A71DE2467800D98AE8 /* Input View Controllers */,
				5BB553961DE2464A00D98AE8 /* Weekly Report View Controllers */,
				5BB553891DE245A700D98AE8 /* Models */,
				5BB553BD1DE246B200D98AE8 /* Supporting Files */,
			);
			path = GramApp;
			sourceTree = "<group>";
		};
		5B04A4ED1DE23B18000C12A9 /* Products */ = {
			isa = PBXGroup;
			children = (
				5B04A4F41DE23B18000C12A9 /* libXlsxReaderWriter.a */,
				5B04A4F61DE23B18000C12A9 /* XlsxReaderWriterTests.xctest */,
				5B04A4F81DE23B18000C12A9 /* XlsxReaderWriter.framework */,
			);
			name = Products;
			sourceTree = "<group>";
		};
		5B04A4FC1DE23B45000C12A9 /* Frameworks */ = {
			isa = PBXGroup;
			children = (
				5B04A4FD1DE23B45000C12A9 /* libz.tbd */,
				E622E3EDBBD102DC0F1DA5E7 /* Pods_GramApp.framework */,
			);
			name = Frameworks;
			sourceTree = "<group>";
		};
		5B190A801DE4EB850059F95E /* Onboarding */ = {
			isa = PBXGroup;
			children = (
				5BB553C21DE24EE100D98AE8 /* OnboardingNameViewController.swift */,
				5BB553C41DE24F6500D98AE8 /* OnboardingInspectorNumberViewController.swift */,
			);
			name = Onboarding;
			sourceTree = "<group>";
		};
		5B190A831DE4ED700059F95E /* Create New */ = {
			isa = PBXGroup;
			children = (
				5BB5539D1DE2467100D98AE8 /* CreateReportViewController.swift */,
				5BB5539E1DE2467100D98AE8 /* CreateReportViewController.xib */,
				5B190A841DE4F1190059F95E /* CreateNewProjectNoViewController.swift */,
				5B190A851DE4F1190059F95E /* CreateNewProjectNoViewController.xib */,
				5BF133A41DE4FD5600E53823 /* CreateNewCustomerViewController.swift */,
				5BF133A51DE4FD5600E53823 /* CreateNewCustomerViewController.xib */,
			);
			name = "Create New";
			sourceTree = "<group>";
		};
		5BB553891DE245A700D98AE8 /* Models */ = {
			isa = PBXGroup;
			children = (
				5BB553831DE2459C00D98AE8 /* Types.swift */,
				5BB553841DE2459C00D98AE8 /* WeekReport.swift */,
				5BB553851DE2459C00D98AE8 /* User.swift */,
			);
			name = Models;
			sourceTree = "<group>";
		};
		5BB553961DE2464A00D98AE8 /* Weekly Report View Controllers */ = {
			isa = PBXGroup;
			children = (
				5BB5538A1DE2462A00D98AE8 /* WeeklyReportViewController.swift */,
				5BB5538B1DE2462A00D98AE8 /* ReportInformationViewController.swift */,
				5BB5538C1DE2462A00D98AE8 /* WorkingHoursViewController.swift */,
				5BB5538D1DE2462A00D98AE8 /* MealsViewController.swift */,
				5BB5538E1DE2462A00D98AE8 /* CarInformationViewController.swift */,
				5BB5538F1DE2462A00D98AE8 /* TimeManagementViewController.swift */,
			);
			name = "Weekly Report View Controllers";
			sourceTree = "<group>";
		};
		5BB553A71DE2467800D98AE8 /* Input View Controllers */ = {
			isa = PBXGroup;
			children = (
				5BB553971DE2467100D98AE8 /* NumberInputViewController.swift */,
				5BB553981DE2467100D98AE8 /* NumberInputViewController.xib */,
				5BB553991DE2467100D98AE8 /* StringInputViewController.swift */,
				5BB5539A1DE2467100D98AE8 /* StringInputViewController.xib */,
				5BB5539B1DE2467100D98AE8 /* DateInputViewController.swift */,
				5BB5539C1DE2467100D98AE8 /* DateInputViewController.xib */,
			);
			name = "Input View Controllers";
			sourceTree = "<group>";
		};
		5BB553B01DE2469900D98AE8 /* Cells */ = {
			isa = PBXGroup;
			children = (
				5BB553A81DE2469500D98AE8 /* ReportWeekTableViewCell.swift */,
				5BB553A91DE2469500D98AE8 /* ReportWeekTableViewCell.xib */,
				5BB553AA1DE2469500D98AE8 /* InputFieldTableViewCell.swift */,
				5BB553AB1DE2469500D98AE8 /* InputFieldTableViewCell.xib */,
			);
			name = Cells;
			sourceTree = "<group>";
		};
		5BB553BD1DE246B200D98AE8 /* Supporting Files */ = {
			isa = PBXGroup;
			children = (
				5B04A4E11DE21E51000C12A9 /* Assets.xcassets */,
				5B04A4DA1DE21E51000C12A9 /* AppDelegate.swift */,
				5BB553B11DE246AA00D98AE8 /* ErrorViewController.swift */,
				5BB553B21DE246AA00D98AE8 /* ErrorViewController.xib */,
				5BB553B31DE246AA00D98AE8 /* Time.swift */,
				5BB553B41DE246AA00D98AE8 /* arrow.png */,
				5BB553B51DE246AA00D98AE8 /* Grøn cirkel.png */,
				5BB553B61DE246AA00D98AE8 /* Rød cirkel.png */,
				5B04A4E31DE21E51000C12A9 /* LaunchScreen.storyboard */,
				5B04A4E61DE21E51000C12A9 /* Info.plist */,
				5B04A4FF1DE23C03000C12A9 /* GramApp-Bridging-Header.h */,
			);
			name = "Supporting Files";
			sourceTree = "<group>";
		};
		CDC07F1C1393257912493D59 /* Pods */ = {
			isa = PBXGroup;
			children = (
				51F1A27B8337D05E9AFC1189 /* Pods-GramApp.debug.xcconfig */,
				99B99EC73C5C920578E318B7 /* Pods-GramApp.release.xcconfig */,
			);
			name = Pods;
			sourceTree = "<group>";
		};
/* End PBXGroup section */

/* Begin PBXNativeTarget section */
		5B04A4D61DE21E51000C12A9 /* GramApp */ = {
			isa = PBXNativeTarget;
			buildConfigurationList = 5B04A4E91DE21E51000C12A9 /* Build configuration list for PBXNativeTarget "GramApp" */;
			buildPhases = (
				C40649128EE74D2BB4288446 /* [CP] Check Pods Manifest.lock */,
				5B04A4D31DE21E51000C12A9 /* Sources */,
				5B04A4D41DE21E51000C12A9 /* Frameworks */,
				5B04A4D51DE21E51000C12A9 /* Resources */,
				5ACDD991C8B449FAB0626832 /* [CP] Embed Pods Frameworks */,
				4DA317F2F982DA3C96FA9FF8 /* [CP] Copy Pods Resources */,
			);
			buildRules = (
			);
			dependencies = (
				5B04A4FA1DE23B2E000C12A9 /* PBXTargetDependency */,
			);
			name = GramApp;
			productName = GramApp;
			productReference = 5B04A4D71DE21E51000C12A9 /* GramApp.app */;
			productType = "com.apple.product-type.application";
		};
/* End PBXNativeTarget section */

/* Begin PBXProject section */
		5B04A4CF1DE21E51000C12A9 /* Project object */ = {
			isa = PBXProject;
			attributes = {
				LastSwiftUpdateCheck = 0810;
				LastUpgradeCheck = 0810;
				ORGANIZATIONNAME = "Fiks IVS";
				TargetAttributes = {
					5B04A4D61DE21E51000C12A9 = {
						CreatedOnToolsVersion = 8.1;
						DevelopmentTeam = WE6L8Y26GJ;
						LastSwiftMigration = 0810;
						ProvisioningStyle = Automatic;
					};
				};
			};
			buildConfigurationList = 5B04A4D21DE21E51000C12A9 /* Build configuration list for PBXProject "GramApp" */;
			compatibilityVersion = "Xcode 3.2";
			developmentRegion = English;
			hasScannedForEncodings = 0;
			knownRegions = (
				en,
				Base,
			);
			mainGroup = 5B04A4CE1DE21E51000C12A9;
			productRefGroup = 5B04A4D81DE21E51000C12A9 /* Products */;
			projectDirPath = "";
			projectReferences = (
				{
					ProductGroup = 5B04A4ED1DE23B18000C12A9 /* Products */;
					ProjectRef = 5B04A4EC1DE23B18000C12A9 /* XlsxReaderWriter.xcodeproj */;
				},
			);
			projectRoot = "";
			targets = (
				5B04A4D61DE21E51000C12A9 /* GramApp */,
			);
		};
/* End PBXProject section */

/* Begin PBXReferenceProxy section */
		5B04A4F41DE23B18000C12A9 /* libXlsxReaderWriter.a */ = {
			isa = PBXReferenceProxy;
			fileType = archive.ar;
			path = libXlsxReaderWriter.a;
			remoteRef = 5B04A4F31DE23B18000C12A9 /* PBXContainerItemProxy */;
			sourceTree = BUILT_PRODUCTS_DIR;
		};
		5B04A4F61DE23B18000C12A9 /* XlsxReaderWriterTests.xctest */ = {
			isa = PBXReferenceProxy;
			fileType = wrapper.cfbundle;
			path = XlsxReaderWriterTests.xctest;
			remoteRef = 5B04A4F51DE23B18000C12A9 /* PBXContainerItemProxy */;
			sourceTree = BUILT_PRODUCTS_DIR;
		};
		5B04A4F81DE23B18000C12A9 /* XlsxReaderWriter.framework */ = {
			isa = PBXReferenceProxy;
			fileType = wrapper.framework;
			path = XlsxReaderWriter.framework;
			remoteRef = 5B04A4F71DE23B18000C12A9 /* PBXContainerItemProxy */;
			sourceTree = BUILT_PRODUCTS_DIR;
		};
/* End PBXReferenceProxy section */

/* Begin PBXResourcesBuildPhase section */
		5B04A4D51DE21E51000C12A9 /* Resources */ = {
			isa = PBXResourcesBuildPhase;
			buildActionMask = 2147483647;
			files = (
				5BB553A21DE2467100D98AE8 /* StringInputViewController.xib in Resources */,
				5BF133A71DE4FD5600E53823 /* CreateNewCustomerViewController.xib in Resources */,
				5BB553A41DE2467100D98AE8 /* DateInputViewController.xib in Resources */,
				5BB553BA1DE246AA00D98AE8 /* arrow.png in Resources */,
				5BB553BB1DE246AA00D98AE8 /* Grøn cirkel.png in Resources */,
				5B04A4E51DE21E51000C12A9 /* LaunchScreen.storyboard in Resources */,
				5BB553B81DE246AA00D98AE8 /* ErrorViewController.xib in Resources */,
				5B04A4E21DE21E51000C12A9 /* Assets.xcassets in Resources */,
				5BB553A61DE2467100D98AE8 /* CreateReportViewController.xib in Resources */,
				5BB553A01DE2467100D98AE8 /* NumberInputViewController.xib in Resources */,
				5B04A4E01DE21E51000C12A9 /* Main.storyboard in Resources */,
				5BB553BC1DE246AA00D98AE8 /* Rød cirkel.png in Resources */,
				5BB553AF1DE2469500D98AE8 /* InputFieldTableViewCell.xib in Resources */,
				5B190A871DE4F1190059F95E /* CreateNewProjectNoViewController.xib in Resources */,
				5BB553AD1DE2469500D98AE8 /* ReportWeekTableViewCell.xib in Resources */,
			);
			runOnlyForDeploymentPostprocessing = 0;
		};
/* End PBXResourcesBuildPhase section */

/* Begin PBXShellScriptBuildPhase section */
		4DA317F2F982DA3C96FA9FF8 /* [CP] Copy Pods Resources */ = {
			isa = PBXShellScriptBuildPhase;
			buildActionMask = 2147483647;
			files = (
			);
			inputPaths = (
			);
			name = "[CP] Copy Pods Resources";
			outputPaths = (
			);
			runOnlyForDeploymentPostprocessing = 0;
			shellPath = /bin/sh;
			shellScript = "\"${SRCROOT}/Pods/Target Support Files/Pods-GramApp/Pods-GramApp-resources.sh\"\n";
			showEnvVarsInLog = 0;
		};
		5ACDD991C8B449FAB0626832 /* [CP] Embed Pods Frameworks */ = {
			isa = PBXShellScriptBuildPhase;
			buildActionMask = 2147483647;
			files = (
			);
			inputPaths = (
			);
			name = "[CP] Embed Pods Frameworks";
			outputPaths = (
			);
			runOnlyForDeploymentPostprocessing = 0;
			shellPath = /bin/sh;
			shellScript = "\"${SRCROOT}/Pods/Target Support Files/Pods-GramApp/Pods-GramApp-frameworks.sh\"\n";
			showEnvVarsInLog = 0;
		};
		C40649128EE74D2BB4288446 /* [CP] Check Pods Manifest.lock */ = {
			isa = PBXShellScriptBuildPhase;
			buildActionMask = 2147483647;
			files = (
			);
			inputPaths = (
			);
			name = "[CP] Check Pods Manifest.lock";
			outputPaths = (
			);
			runOnlyForDeploymentPostprocessing = 0;
			shellPath = /bin/sh;
			shellScript = "diff \"${PODS_ROOT}/../Podfile.lock\" \"${PODS_ROOT}/Manifest.lock\" > /dev/null\nif [[ $? != 0 ]] ; then\n    cat << EOM\nerror: The sandbox is not in sync with the Podfile.lock. Run 'pod install' or update your CocoaPods installation.\nEOM\n    exit 1\nfi\n";
			showEnvVarsInLog = 0;
		};
/* End PBXShellScriptBuildPhase section */

/* Begin PBXSourcesBuildPhase section */
		5B04A4D31DE21E51000C12A9 /* Sources */ = {
			isa = PBXSourcesBuildPhase;
			buildActionMask = 2147483647;
			files = (
				5BB553C51DE24F6500D98AE8 /* OnboardingInspectorNumberViewController.swift in Sources */,
				5BB553861DE2459C00D98AE8 /* Types.swift in Sources */,
				5BB5539F1DE2467100D98AE8 /* NumberInputViewController.swift in Sources */,
				5BB553C01DE2478B00D98AE8 /* RootViewController.swift in Sources */,
				5BB553C31DE24EE100D98AE8 /* OnboardingNameViewController.swift in Sources */,
				5B190A861DE4F1190059F95E /* CreateNewProjectNoViewController.swift in Sources */,
				5BB553941DE2462A00D98AE8 /* CarInformationViewController.swift in Sources */,
				5B04A4DB1DE21E51000C12A9 /* AppDelegate.swift in Sources */,
				5BB553A31DE2467100D98AE8 /* DateInputViewController.swift in Sources */,
				5BB553A11DE2467100D98AE8 /* StringInputViewController.swift in Sources */,
				5BB553B91DE246AA00D98AE8 /* Time.swift in Sources */,
				5BB553921DE2462A00D98AE8 /* WorkingHoursViewController.swift in Sources */,
				5BB553901DE2462A00D98AE8 /* WeeklyReportViewController.swift in Sources */,
				5BB553A51DE2467100D98AE8 /* CreateReportViewController.swift in Sources */,
				5BB553C11DE2478B00D98AE8 /* ProfileInformationViewController.swift in Sources */,
				5BF133A61DE4FD5600E53823 /* CreateNewCustomerViewController.swift in Sources */,
				5BB553881DE2459C00D98AE8 /* User.swift in Sources */,
				5BB553AC1DE2469500D98AE8 /* ReportWeekTableViewCell.swift in Sources */,
				5BB553931DE2462A00D98AE8 /* MealsViewController.swift in Sources */,
				5BB553871DE2459C00D98AE8 /* WeekReport.swift in Sources */,
				5BB553951DE2462A00D98AE8 /* TimeManagementViewController.swift in Sources */,
				5BB553911DE2462A00D98AE8 /* ReportInformationViewController.swift in Sources */,
				5BB553B71DE246AA00D98AE8 /* ErrorViewController.swift in Sources */,
				5BB553AE1DE2469500D98AE8 /* InputFieldTableViewCell.swift in Sources */,
			);
			runOnlyForDeploymentPostprocessing = 0;
		};
/* End PBXSourcesBuildPhase section */

/* Begin PBXTargetDependency section */
		5B04A4FA1DE23B2E000C12A9 /* PBXTargetDependency */ = {
			isa = PBXTargetDependency;
			name = XlsxReaderWriter;
			targetProxy = 5B04A4F91DE23B2E000C12A9 /* PBXContainerItemProxy */;
		};
/* End PBXTargetDependency section */

/* Begin PBXVariantGroup section */
		5B04A4DE1DE21E51000C12A9 /* Main.storyboard */ = {
			isa = PBXVariantGroup;
			children = (
				5B04A4DF1DE21E51000C12A9 /* Base */,
			);
			name = Main.storyboard;
			sourceTree = "<group>";
		};
		5B04A4E31DE21E51000C12A9 /* LaunchScreen.storyboard */ = {
			isa = PBXVariantGroup;
			children = (
				5B04A4E41DE21E51000C12A9 /* Base */,
			);
			name = LaunchScreen.storyboard;
			sourceTree = "<group>";
		};
/* End PBXVariantGroup section */

/* Begin XCBuildConfiguration section */
		5B04A4E71DE21E51000C12A9 /* Debug */ = {
			isa = XCBuildConfiguration;
			buildSettings = {
				ALWAYS_SEARCH_USER_PATHS = NO;
				CLANG_ANALYZER_NONNULL = YES;
				CLANG_CXX_LANGUAGE_STANDARD = "gnu++0x";
				CLANG_CXX_LIBRARY = "libc++";
				CLANG_ENABLE_MODULES = YES;
				CLANG_ENABLE_OBJC_ARC = YES;
				CLANG_WARN_BOOL_CONVERSION = YES;
				CLANG_WARN_CONSTANT_CONVERSION = YES;
				CLANG_WARN_DIRECT_OBJC_ISA_USAGE = YES_ERROR;
				CLANG_WARN_DOCUMENTATION_COMMENTS = YES;
				CLANG_WARN_EMPTY_BODY = YES;
				CLANG_WARN_ENUM_CONVERSION = YES;
				CLANG_WARN_INFINITE_RECURSION = YES;
				CLANG_WARN_INT_CONVERSION = YES;
				CLANG_WARN_OBJC_ROOT_CLASS = YES_ERROR;
				CLANG_WARN_SUSPICIOUS_MOVES = YES;
				CLANG_WARN_UNREACHABLE_CODE = YES;
				CLANG_WARN__DUPLICATE_METHOD_MATCH = YES;
				"CODE_SIGN_IDENTITY[sdk=iphoneos*]" = "iPhone Developer";
				COPY_PHASE_STRIP = NO;
				DEBUG_INFORMATION_FORMAT = dwarf;
				ENABLE_STRICT_OBJC_MSGSEND = YES;
				ENABLE_TESTABILITY = YES;
				GCC_C_LANGUAGE_STANDARD = gnu99;
				GCC_DYNAMIC_NO_PIC = NO;
				GCC_NO_COMMON_BLOCKS = YES;
				GCC_OPTIMIZATION_LEVEL = 0;
				GCC_PREPROCESSOR_DEFINITIONS = (
					"DEBUG=1",
					"$(inherited)",
				);
				GCC_WARN_64_TO_32_BIT_CONVERSION = YES;
				GCC_WARN_ABOUT_RETURN_TYPE = YES_ERROR;
				GCC_WARN_UNDECLARED_SELECTOR = YES;
				GCC_WARN_UNINITIALIZED_AUTOS = YES_AGGRESSIVE;
				GCC_WARN_UNUSED_FUNCTION = YES;
				GCC_WARN_UNUSED_VARIABLE = YES;
				IPHONEOS_DEPLOYMENT_TARGET = 9.0;
				MTL_ENABLE_DEBUG_INFO = YES;
				ONLY_ACTIVE_ARCH = YES;
				OTHER_LDFLAGS = "-all_load";
				SDKROOT = iphoneos;
				SWIFT_ACTIVE_COMPILATION_CONDITIONS = DEBUG;
				SWIFT_OPTIMIZATION_LEVEL = "-Onone";
				USER_HEADER_SEARCH_PATHS = "/Users/Martin/Git/GramApp/XlsxReaderWriter-master/**";
			};
			name = Debug;
		};
		5B04A4E81DE21E51000C12A9 /* Release */ = {
			isa = XCBuildConfiguration;
			buildSettings = {
				ALWAYS_SEARCH_USER_PATHS = NO;
				CLANG_ANALYZER_NONNULL = YES;
				CLANG_CXX_LANGUAGE_STANDARD = "gnu++0x";
				CLANG_CXX_LIBRARY = "libc++";
				CLANG_ENABLE_MODULES = YES;
				CLANG_ENABLE_OBJC_ARC = YES;
				CLANG_WARN_BOOL_CONVERSION = YES;
				CLANG_WARN_CONSTANT_CONVERSION = YES;
				CLANG_WARN_DIRECT_OBJC_ISA_USAGE = YES_ERROR;
				CLANG_WARN_DOCUMENTATION_COMMENTS = YES;
				CLANG_WARN_EMPTY_BODY = YES;
				CLANG_WARN_ENUM_CONVERSION = YES;
				CLANG_WARN_INFINITE_RECURSION = YES;
				CLANG_WARN_INT_CONVERSION = YES;
				CLANG_WARN_OBJC_ROOT_CLASS = YES_ERROR;
				CLANG_WARN_SUSPICIOUS_MOVES = YES;
				CLANG_WARN_UNREACHABLE_CODE = YES;
				CLANG_WARN__DUPLICATE_METHOD_MATCH = YES;
				"CODE_SIGN_IDENTITY[sdk=iphoneos*]" = "iPhone Developer";
				COPY_PHASE_STRIP = NO;
				DEBUG_INFORMATION_FORMAT = "dwarf-with-dsym";
				ENABLE_NS_ASSERTIONS = NO;
				ENABLE_STRICT_OBJC_MSGSEND = YES;
				GCC_C_LANGUAGE_STANDARD = gnu99;
				GCC_NO_COMMON_BLOCKS = YES;
				GCC_WARN_64_TO_32_BIT_CONVERSION = YES;
				GCC_WARN_ABOUT_RETURN_TYPE = YES_ERROR;
				GCC_WARN_UNDECLARED_SELECTOR = YES;
				GCC_WARN_UNINITIALIZED_AUTOS = YES_AGGRESSIVE;
				GCC_WARN_UNUSED_FUNCTION = YES;
				GCC_WARN_UNUSED_VARIABLE = YES;
				IPHONEOS_DEPLOYMENT_TARGET = 9.0;
				MTL_ENABLE_DEBUG_INFO = NO;
				OTHER_LDFLAGS = "-all_load";
				SDKROOT = iphoneos;
				SWIFT_OPTIMIZATION_LEVEL = "-Owholemodule";
				USER_HEADER_SEARCH_PATHS = "/Users/Martin/Git/GramApp/XlsxReaderWriter-master/**";
				VALIDATE_PRODUCT = YES;
			};
			name = Release;
		};
		5B04A4EA1DE21E51000C12A9 /* Debug */ = {
			isa = XCBuildConfiguration;
			baseConfigurationReference = 51F1A27B8337D05E9AFC1189 /* Pods-GramApp.debug.xcconfig */;
			buildSettings = {
				ASSETCATALOG_COMPILER_APPICON_NAME = AppIcon;
				CLANG_ENABLE_MODULES = YES;
				DEVELOPMENT_TEAM = WE6L8Y26GJ;
				INFOPLIST_FILE = GramApp/Info.plist;
				LD_RUNPATH_SEARCH_PATHS = "$(inherited) @executable_path/Frameworks";
				PRODUCT_BUNDLE_IDENTIFIER = com.fiksApps.GramApp;
				PRODUCT_NAME = "$(TARGET_NAME)";
				SWIFT_OBJC_BRIDGING_HEADER = "GramApp/GramApp-Bridging-Header.h";
				SWIFT_OPTIMIZATION_LEVEL = "-Onone";
				SWIFT_VERSION = 3.0;
			};
			name = Debug;
		};
		5B04A4EB1DE21E51000C12A9 /* Release */ = {
			isa = XCBuildConfiguration;
			baseConfigurationReference = 99B99EC73C5C920578E318B7 /* Pods-GramApp.release.xcconfig */;
			buildSettings = {
				ASSETCATALOG_COMPILER_APPICON_NAME = AppIcon;
				CLANG_ENABLE_MODULES = YES;
				DEVELOPMENT_TEAM = WE6L8Y26GJ;
				INFOPLIST_FILE = GramApp/Info.plist;
				LD_RUNPATH_SEARCH_PATHS = "$(inherited) @executable_path/Frameworks";
				PRODUCT_BUNDLE_IDENTIFIER = com.fiksApps.GramApp;
				PRODUCT_NAME = "$(TARGET_NAME)";
				SWIFT_OBJC_BRIDGING_HEADER = "GramApp/GramApp-Bridging-Header.h";
				SWIFT_VERSION = 3.0;
			};
			name = Release;
		};
/* End XCBuildConfiguration section */

/* Begin XCConfigurationList section */
		5B04A4D21DE21E51000C12A9 /* Build configuration list for PBXProject "GramApp" */ = {
			isa = XCConfigurationList;
			buildConfigurations = (
				5B04A4E71DE21E51000C12A9 /* Debug */,
				5B04A4E81DE21E51000C12A9 /* Release */,
			);
			defaultConfigurationIsVisible = 0;
			defaultConfigurationName = Release;
		};
		5B04A4E91DE21E51000C12A9 /* Build configuration list for PBXNativeTarget "GramApp" */ = {
			isa = XCConfigurationList;
			buildConfigurations = (
				5B04A4EA1DE21E51000C12A9 /* Debug */,
				5B04A4EB1DE21E51000C12A9 /* Release */,
			);
			defaultConfigurationIsVisible = 0;
			defaultConfigurationName = Release;
		};
/* End XCConfigurationList section */
	};
	rootObject = 5B04A4CF1DE21E51000C12A9 /* Project object */;
}
