// !$*UTF8*$!
{
	archiveVersion = 1;
	classes = {
	};
	objectVersion = 46;
	objects = {

/* Begin PBXBuildFile section */
		5B04A4DB1DE21E51000C12A9 /* AppDelegate.swift in Sources */ = {isa = PBXBuildFile; fileRef = 5B04A4DA1DE21E51000C12A9 /* AppDelegate.swift */; };
		5B04A4DD1DE21E51000C12A9 /* LandingViewController.swift in Sources */ = {isa = PBXBuildFile; fileRef = 5B04A4DC1DE21E51000C12A9 /* LandingViewController.swift */; };
		5B04A4E01DE21E51000C12A9 /* Main.storyboard in Resources */ = {isa = PBXBuildFile; fileRef = 5B04A4DE1DE21E51000C12A9 /* Main.storyboard */; };
		5B04A4E21DE21E51000C12A9 /* Assets.xcassets in Resources */ = {isa = PBXBuildFile; fileRef = 5B04A4E11DE21E51000C12A9 /* Assets.xcassets */; };
		5B04A4E51DE21E51000C12A9 /* LaunchScreen.storyboard in Resources */ = {isa = PBXBuildFile; fileRef = 5B04A4E31DE21E51000C12A9 /* LaunchScreen.storyboard */; };
		5B04A4FB1DE23B3C000C12A9 /* libXlsxReaderWriter.a in Frameworks */ = {isa = PBXBuildFile; fileRef = 5B04A4F41DE23B18000C12A9 /* libXlsxReaderWriter.a */; };
		5B04A4FE1DE23B45000C12A9 /* libz.tbd in Frameworks */ = {isa = PBXBuildFile; fileRef = 5B04A4FD1DE23B45000C12A9 /* libz.tbd */; };
		8F865C3F7473A965B01D0A3B /* Pods_GramApp.framework in Frameworks */ = {isa = PBXBuildFile; fileRef = E622E3EDBBD102DC0F1DA5E7 /* Pods_GramApp.framework */; };
/* End PBXBuildFile section */

/* Begin PBXContainerItemProxy section */
		5B04A4F31DE23B18000C12A9 /* PBXContainerItemProxy */ = {
			isa = PBXContainerItemProxy;
			containerPortal = 5B04A4EC1DE23B18000C12A9 /* XlsxReaderWriter.xcodeproj */;
			proxyType = 2;
			remoteGlobalIDString = 45B6E23A1A148F7500288A78;
			remoteInfo = XlsxReaderWriter;
		};
		5B04A4F51DE23B18000C12A9 /* PBXContainerItemProxy */ = {
			isa = PBXContainerItemProxy;
			containerPortal = 5B04A4EC1DE23B18000C12A9 /* XlsxReaderWriter.xcodeproj */;
			proxyType = 2;
			remoteGlobalIDString = 45B6E2451A148F7500288A78;
			remoteInfo = XlsxReaderWriterTests;
		};
		5B04A4F71DE23B18000C12A9 /* PBXContainerItemProxy */ = {
			isa = PBXContainerItemProxy;
			containerPortal = 5B04A4EC1DE23B18000C12A9 /* XlsxReaderWriter.xcodeproj */;
			proxyType = 2;
			remoteGlobalIDString = 22156D581C46B42500BB5779;
			remoteInfo = "XlsxReaderWriter Mac";
		};
		5B04A4F91DE23B2E000C12A9 /* PBXContainerItemProxy */ = {
			isa = PBXContainerItemProxy;
			containerPortal = 5B04A4EC1DE23B18000C12A9 /* XlsxReaderWriter.xcodeproj */;
			proxyType = 1;
			remoteGlobalIDString = 45B6E2391A148F7500288A78;
			remoteInfo = XlsxReaderWriter;
		};
/* End PBXContainerItemProxy section */

/* Begin PBXFileReference section */
		51F1A27B8337D05E9AFC1189 /* Pods-GramApp.debug.xcconfig */ = {isa = PBXFileReference; includeInIndex = 1; lastKnownFileType = text.xcconfig; name = "Pods-GramApp.debug.xcconfig"; path = "Pods/Target Support Files/Pods-GramApp/Pods-GramApp.debug.xcconfig"; sourceTree = "<group>"; };
		5B04A4D71DE21E51000C12A9 /* GramApp.app */ = {isa = PBXFileReference; explicitFileType = wrapper.application; includeInIndex = 0; path = GramApp.app; sourceTree = BUILT_PRODUCTS_DIR; };
		5B04A4DA1DE21E51000C12A9 /* AppDelegate.swift */ = {isa = PBXFileReference; lastKnownFileType = sourcecode.swift; path = AppDelegate.swift; sourceTree = "<group>"; };
		5B04A4DC1DE21E51000C12A9 /* LandingViewController.swift */ = {isa = PBXFileReference; lastKnownFileType = sourcecode.swift; path = LandingViewController.swift; sourceTree = "<group>"; };
		5B04A4DF1DE21E51000C12A9 /* Base */ = {isa = PBXFileReference; lastKnownFileType = file.storyboard; name = Base; path = Base.lproj/Main.storyboard; sourceTree = "<group>"; };
		5B04A4E11DE21E51000C12A9 /* Assets.xcassets */ = {isa = PBXFileReference; lastKnownFileType = folder.assetcatalog; path = Assets.xcassets; sourceTree = "<group>"; };
		5B04A4E41DE21E51000C12A9 /* Base */ = {isa = PBXFileReference; lastKnownFileType = file.storyboard; name = Base; path = Base.lproj/LaunchScreen.storyboard; sourceTree = "<group>"; };
		5B04A4E61DE21E51000C12A9 /* Info.plist */ = {isa = PBXFileReference; lastKnownFileType = text.plist.xml; path = Info.plist; sourceTree = "<group>"; };
		5B04A4EC1DE23B18000C12A9 /* XlsxReaderWriter.xcodeproj */ = {isa = PBXFileReference; lastKnownFileType = "wrapper.pb-project"; name = XlsxReaderWriter.xcodeproj; path = "XlsxReaderWriter-master/XlsxReaderWriter.xcodeproj"; sourceTree = "<group>"; };
		5B04A4FD1DE23B45000C12A9 /* libz.tbd */ = {isa = PBXFileReference; lastKnownFileType = "sourcecode.text-based-dylib-definition"; name = libz.tbd; path = usr/lib/libz.tbd; sourceTree = SDKROOT; };
		5B04A4FF1DE23C03000C12A9 /* GramApp-Bridging-Header.h */ = {isa = PBXFileReference; lastKnownFileType = sourcecode.c.h; path = "GramApp-Bridging-Header.h"; sourceTree = "<group>"; };
		99B99EC73C5C920578E318B7 /* Pods-GramApp.release.xcconfig */ = {isa = PBXFileReference; includeInIndex = 1; lastKnownFileType = text.xcconfig; name = "Pods-GramApp.release.xcconfig"; path = "Pods/Target Support Files/Pods-GramApp/Pods-GramApp.release.xcconfig"; sourceTree = "<group>"; };
		E622E3EDBBD102DC0F1DA5E7 /* Pods_GramApp.framework */ = {isa = PBXFileReference; explicitFileType = wrapper.framework; includeInIndex = 0; path = Pods_GramApp.framework; sourceTree = BUILT_PRODUCTS_DIR; };
/* End PBXFileReference section */

/* Begin PBXFrameworksBuildPhase section */
		5B04A4D41DE21E51000C12A9 /* Frameworks */ = {
			isa = PBXFrameworksBuildPhase;
			buildActionMask = 2147483647;
			files = (
				5B04A4FE1DE23B45000C12A9 /* libz.tbd in Frameworks */,
				5B04A4FB1DE23B3C000C12A9 /* libXlsxReaderWriter.a in Frameworks */,
				8F865C3F7473A965B01D0A3B /* Pods_GramApp.framework in Frameworks */,
			);
			runOnlyForDeploymentPostprocessing = 0;
		};
/* End PBXFrameworksBuildPhase section */

/* Begin PBXGroup section */
		5B04A4CE1DE21E51000C12A9 = {
			isa = PBXGroup;
			children = (
				5B04A4EC1DE23B18000C12A9 /* XlsxReaderWriter.xcodeproj */,
				5B04A4D91DE21E51000C12A9 /* GramApp */,
				5B04A4D81DE21E51000C12A9 /* Products */,
				5B04A4FC1DE23B45000C12A9 /* Frameworks */,
				CDC07F1C1393257912493D59 /* Pods */,
			);
			sourceTree = "<group>";
		};
		5B04A4D81DE21E51000C12A9 /* Products */ = {
			isa = PBXGroup;
			children = (
				5B04A4D71DE21E51000C12A9 /* GramApp.app */,
			);
			name = Products;
			sourceTree = "<group>";
		};
		5B04A4D91DE21E51000C12A9 /* GramApp */ = {
			isa = PBXGroup;
			children = (
				5B04A4DA1DE21E51000C12A9 /* AppDelegate.swift */,
				5B04A4DC1DE21E51000C12A9 /* LandingViewController.swift */,
				5B04A4DE1DE21E51000C12A9 /* Main.storyboard */,
				5B04A4E11DE21E51000C12A9 /* Assets.xcassets */,
				5B04A4E31DE21E51000C12A9 /* LaunchScreen.storyboard */,
				5B04A4E61DE21E51000C12A9 /* Info.plist */,
				5B04A4FF1DE23C03000C12A9 /* GramApp-Bridging-Header.h */,
			);
			path = GramApp;
			sourceTree = "<group>";
		};
		5B04A4ED1DE23B18000C12A9 /* Products */ = {
			isa = PBXGroup;
			children = (
				5B04A4F41DE23B18000C12A9 /* libXlsxReaderWriter.a */,
				5B04A4F61DE23B18000C12A9 /* XlsxReaderWriterTests.xctest */,
				5B04A4F81DE23B18000C12A9 /* XlsxReaderWriter.framework */,
			);
			name = Products;
			sourceTree = "<group>";
		};
		5B04A4FC1DE23B45000C12A9 /* Frameworks */ = {
			isa = PBXGroup;
			children = (
				5B04A4FD1DE23B45000C12A9 /* libz.tbd */,
				E622E3EDBBD102DC0F1DA5E7 /* Pods_GramApp.framework */,
			);
			name = Frameworks;
			sourceTree = "<group>";
		};
		CDC07F1C1393257912493D59 /* Pods */ = {
			isa = PBXGroup;
			children = (
				51F1A27B8337D05E9AFC1189 /* Pods-GramApp.debug.xcconfig */,
				99B99EC73C5C920578E318B7 /* Pods-GramApp.release.xcconfig */,
			);
			name = Pods;
			sourceTree = "<group>";
		};
/* End PBXGroup section */

/* Begin PBXNativeTarget section */
		5B04A4D61DE21E51000C12A9 /* GramApp */ = {
			isa = PBXNativeTarget;
			buildConfigurationList = 5B04A4E91DE21E51000C12A9 /* Build configuration list for PBXNativeTarget "GramApp" */;
			buildPhases = (
				C40649128EE74D2BB4288446 /* [CP] Check Pods Manifest.lock */,
				5B04A4D31DE21E51000C12A9 /* Sources */,
				5B04A4D41DE21E51000C12A9 /* Frameworks */,
				5B04A4D51DE21E51000C12A9 /* Resources */,
				5ACDD991C8B449FAB0626832 /* [CP] Embed Pods Frameworks */,
				4DA317F2F982DA3C96FA9FF8 /* [CP] Copy Pods Resources */,
			);
			buildRules = (
			);
			dependencies = (
				5B04A4FA1DE23B2E000C12A9 /* PBXTargetDependency */,
			);
			name = GramApp;
			productName = GramApp;
			productReference = 5B04A4D71DE21E51000C12A9 /* GramApp.app */;
			productType = "com.apple.product-type.application";
		};
/* End PBXNativeTarget section */

/* Begin PBXProject section */
		5B04A4CF1DE21E51000C12A9 /* Project object */ = {
			isa = PBXProject;
			attributes = {
				LastSwiftUpdateCheck = 0810;
				LastUpgradeCheck = 0810;
				ORGANIZATIONNAME = "Fiks IVS";
				TargetAttributes = {
					5B04A4D61DE21E51000C12A9 = {
						CreatedOnToolsVersion = 8.1;
						DevelopmentTeam = WE6L8Y26GJ;
						LastSwiftMigration = 0810;
						ProvisioningStyle = Automatic;
					};
				};
			};
			buildConfigurationList = 5B04A4D21DE21E51000C12A9 /* Build configuration list for PBXProject "GramApp" */;
			compatibilityVersion = "Xcode 3.2";
			developmentRegion = English;
			hasScannedForEncodings = 0;
			knownRegions = (
				en,
				Base,
			);
			mainGroup = 5B04A4CE1DE21E51000C12A9;
			productRefGroup = 5B04A4D81DE21E51000C12A9 /* Products */;
			projectDirPath = "";
			projectReferences = (
				{
					ProductGroup = 5B04A4ED1DE23B18000C12A9 /* Products */;
					ProjectRef = 5B04A4EC1DE23B18000C12A9 /* XlsxReaderWriter.xcodeproj */;
				},
			);
			projectRoot = "";
			targets = (
				5B04A4D61DE21E51000C12A9 /* GramApp */,
			);
		};
/* End PBXProject section */

/* Begin PBXReferenceProxy section */
		5B04A4F41DE23B18000C12A9 /* libXlsxReaderWriter.a */ = {
			isa = PBXReferenceProxy;
			fileType = archive.ar;
			path = libXlsxReaderWriter.a;
			remoteRef = 5B04A4F31DE23B18000C12A9 /* PBXContainerItemProxy */;
			sourceTree = BUILT_PRODUCTS_DIR;
		};
		5B04A4F61DE23B18000C12A9 /* XlsxReaderWriterTests.xctest */ = {
			isa = PBXReferenceProxy;
			fileType = wrapper.cfbundle;
			path = XlsxReaderWriterTests.xctest;
			remoteRef = 5B04A4F51DE23B18000C12A9 /* PBXContainerItemProxy */;
			sourceTree = BUILT_PRODUCTS_DIR;
		};
		5B04A4F81DE23B18000C12A9 /* XlsxReaderWriter.framework */ = {
			isa = PBXReferenceProxy;
			fileType = wrapper.framework;
			path = XlsxReaderWriter.framework;
			remoteRef = 5B04A4F71DE23B18000C12A9 /* PBXContainerItemProxy */;
			sourceTree = BUILT_PRODUCTS_DIR;
		};
/* End PBXReferenceProxy section */

/* Begin PBXResourcesBuildPhase section */
		5B04A4D51DE21E51000C12A9 /* Resources */ = {
			isa = PBXResourcesBuildPhase;
			buildActionMask = 2147483647;
			files = (
				5B04A4E51DE21E51000C12A9 /* LaunchScreen.storyboard in Resources */,
				5B04A4E21DE21E51000C12A9 /* Assets.xcassets in Resources */,
				5B04A4E01DE21E51000C12A9 /* Main.storyboard in Resources */,
			);
			runOnlyForDeploymentPostprocessing = 0;
		};
/* End PBXResourcesBuildPhase section */

/* Begin PBXShellScriptBuildPhase section */
		4DA317F2F982DA3C96FA9FF8 /* [CP] Copy Pods Resources */ = {
			isa = PBXShellScriptBuildPhase;
			buildActionMask = 2147483647;
			files = (
			);
			inputPaths = (
			);
			name = "[CP] Copy Pods Resources";
			outputPaths = (
			);
			runOnlyForDeploymentPostprocessing = 0;
			shellPath = /bin/sh;
			shellScript = "\"${SRCROOT}/Pods/Target Support Files/Pods-GramApp/Pods-GramApp-resources.sh\"\n";
			showEnvVarsInLog = 0;
		};
		5ACDD991C8B449FAB0626832 /* [CP] Embed Pods Frameworks */ = {
			isa = PBXShellScriptBuildPhase;
			buildActionMask = 2147483647;
			files = (
			);
			inputPaths = (
			);
			name = "[CP] Embed Pods Frameworks";
			outputPaths = (
			);
			runOnlyForDeploymentPostprocessing = 0;
			shellPath = /bin/sh;
			shellScript = "\"${SRCROOT}/Pods/Target Support Files/Pods-GramApp/Pods-GramApp-frameworks.sh\"\n";
			showEnvVarsInLog = 0;
		};
		C40649128EE74D2BB4288446 /* [CP] Check Pods Manifest.lock */ = {
			isa = PBXShellScriptBuildPhase;
			buildActionMask = 2147483647;
			files = (
			);
			inputPaths = (
			);
			name = "[CP] Check Pods Manifest.lock";
			outputPaths = (
			);
			runOnlyForDeploymentPostprocessing = 0;
			shellPath = /bin/sh;
			shellScript = "diff \"${PODS_ROOT}/../Podfile.lock\" \"${PODS_ROOT}/Manifest.lock\" > /dev/null\nif [[ $? != 0 ]] ; then\n    cat << EOM\nerror: The sandbox is not in sync with the Podfile.lock. Run 'pod install' or update your CocoaPods installation.\nEOM\n    exit 1\nfi\n";
			showEnvVarsInLog = 0;
		};
/* End PBXShellScriptBuildPhase section */

/* Begin PBXSourcesBuildPhase section */
		5B04A4D31DE21E51000C12A9 /* Sources */ = {
			isa = PBXSourcesBuildPhase;
			buildActionMask = 2147483647;
			files = (
				5B04A4DD1DE21E51000C12A9 /* LandingViewController.swift in Sources */,
				5B04A4DB1DE21E51000C12A9 /* AppDelegate.swift in Sources */,
			);
			runOnlyForDeploymentPostprocessing = 0;
		};
/* End PBXSourcesBuildPhase section */

/* Begin PBXTargetDependency section */
		5B04A4FA1DE23B2E000C12A9 /* PBXTargetDependency */ = {
			isa = PBXTargetDependency;
			name = XlsxReaderWriter;
			targetProxy = 5B04A4F91DE23B2E000C12A9 /* PBXContainerItemProxy */;
		};
/* End PBXTargetDependency section */

/* Begin PBXVariantGroup section */
		5B04A4DE1DE21E51000C12A9 /* Main.storyboard */ = {
			isa = PBXVariantGroup;
			children = (
				5B04A4DF1DE21E51000C12A9 /* Base */,
			);
			name = Main.storyboard;
			sourceTree = "<group>";
		};
		5B04A4E31DE21E51000C12A9 /* LaunchScreen.storyboard */ = {
			isa = PBXVariantGroup;
			children = (
				5B04A4E41DE21E51000C12A9 /* Base */,
			);
			name = LaunchScreen.storyboard;
			sourceTree = "<group>";
		};
/* End PBXVariantGroup section */

/* Begin XCBuildConfiguration section */
		5B04A4E71DE21E51000C12A9 /* Debug */ = {
			isa = XCBuildConfiguration;
			buildSettings = {
				ALWAYS_SEARCH_USER_PATHS = NO;
				CLANG_ANALYZER_NONNULL = YES;
				CLANG_CXX_LANGUAGE_STANDARD = "gnu++0x";
				CLANG_CXX_LIBRARY = "libc++";
				CLANG_ENABLE_MODULES = YES;
				CLANG_ENABLE_OBJC_ARC = YES;
				CLANG_WARN_BOOL_CONVERSION = YES;
				CLANG_WARN_CONSTANT_CONVERSION = YES;
				CLANG_WARN_DIRECT_OBJC_ISA_USAGE = YES_ERROR;
				CLANG_WARN_DOCUMENTATION_COMMENTS = YES;
				CLANG_WARN_EMPTY_BODY = YES;
				CLANG_WARN_ENUM_CONVERSION = YES;
				CLANG_WARN_INFINITE_RECURSION = YES;
				CLANG_WARN_INT_CONVERSION = YES;
				CLANG_WARN_OBJC_ROOT_CLASS = YES_ERROR;
				CLANG_WARN_SUSPICIOUS_MOVES = YES;
				CLANG_WARN_UNREACHABLE_CODE = YES;
				CLANG_WARN__DUPLICATE_METHOD_MATCH = YES;
				"CODE_SIGN_IDENTITY[sdk=iphoneos*]" = "iPhone Developer";
				COPY_PHASE_STRIP = NO;
				DEBUG_INFORMATION_FORMAT = dwarf;
				ENABLE_STRICT_OBJC_MSGSEND = YES;
				ENABLE_TESTABILITY = YES;
				GCC_C_LANGUAGE_STANDARD = gnu99;
				GCC_DYNAMIC_NO_PIC = NO;
				GCC_NO_COMMON_BLOCKS = YES;
				GCC_OPTIMIZATION_LEVEL = 0;
				GCC_PREPROCESSOR_DEFINITIONS = (
					"DEBUG=1",
					"$(inherited)",
				);
				GCC_WARN_64_TO_32_BIT_CONVERSION = YES;
				GCC_WARN_ABOUT_RETURN_TYPE = YES_ERROR;
				GCC_WARN_UNDECLARED_SELECTOR = YES;
				GCC_WARN_UNINITIALIZED_AUTOS = YES_AGGRESSIVE;
				GCC_WARN_UNUSED_FUNCTION = YES;
				GCC_WARN_UNUSED_VARIABLE = YES;
				IPHONEOS_DEPLOYMENT_TARGET = 9.0;
				MTL_ENABLE_DEBUG_INFO = YES;
				ONLY_ACTIVE_ARCH = YES;
				OTHER_LDFLAGS = "-all_load";
				SDKROOT = iphoneos;
				SWIFT_ACTIVE_COMPILATION_CONDITIONS = DEBUG;
				SWIFT_OPTIMIZATION_LEVEL = "-Onone";
				USER_HEADER_SEARCH_PATHS = "/Users/Martin/Git/GramApp/XlsxReaderWriter-master/**";
			};
			name = Debug;
		};
		5B04A4E81DE21E51000C12A9 /* Release */ = {
			isa = XCBuildConfiguration;
			buildSettings = {
				ALWAYS_SEARCH_USER_PATHS = NO;
				CLANG_ANALYZER_NONNULL = YES;
				CLANG_CXX_LANGUAGE_STANDARD = "gnu++0x";
				CLANG_CXX_LIBRARY = "libc++";
				CLANG_ENABLE_MODULES = YES;
				CLANG_ENABLE_OBJC_ARC = YES;
				CLANG_WARN_BOOL_CONVERSION = YES;
				CLANG_WARN_CONSTANT_CONVERSION = YES;
				CLANG_WARN_DIRECT_OBJC_ISA_USAGE = YES_ERROR;
				CLANG_WARN_DOCUMENTATION_COMMENTS = YES;
				CLANG_WARN_EMPTY_BODY = YES;
				CLANG_WARN_ENUM_CONVERSION = YES;
				CLANG_WARN_INFINITE_RECURSION = YES;
				CLANG_WARN_INT_CONVERSION = YES;
				CLANG_WARN_OBJC_ROOT_CLASS = YES_ERROR;
				CLANG_WARN_SUSPICIOUS_MOVES = YES;
				CLANG_WARN_UNREACHABLE_CODE = YES;
				CLANG_WARN__DUPLICATE_METHOD_MATCH = YES;
				"CODE_SIGN_IDENTITY[sdk=iphoneos*]" = "iPhone Developer";
				COPY_PHASE_STRIP = NO;
				DEBUG_INFORMATION_FORMAT = "dwarf-with-dsym";
				ENABLE_NS_ASSERTIONS = NO;
				ENABLE_STRICT_OBJC_MSGSEND = YES;
				GCC_C_LANGUAGE_STANDARD = gnu99;
				GCC_NO_COMMON_BLOCKS = YES;
				GCC_WARN_64_TO_32_BIT_CONVERSION = YES;
				GCC_WARN_ABOUT_RETURN_TYPE = YES_ERROR;
				GCC_WARN_UNDECLARED_SELECTOR = YES;
				GCC_WARN_UNINITIALIZED_AUTOS = YES_AGGRESSIVE;
				GCC_WARN_UNUSED_FUNCTION = YES;
				GCC_WARN_UNUSED_VARIABLE = YES;
				IPHONEOS_DEPLOYMENT_TARGET = 9.0;
				MTL_ENABLE_DEBUG_INFO = NO;
				OTHER_LDFLAGS = "-all_load";
				SDKROOT = iphoneos;
				SWIFT_OPTIMIZATION_LEVEL = "-Owholemodule";
				USER_HEADER_SEARCH_PATHS = "/Users/Martin/Git/GramApp/XlsxReaderWriter-master/**";
				VALIDATE_PRODUCT = YES;
			};
			name = Release;
		};
		5B04A4EA1DE21E51000C12A9 /* Debug */ = {
			isa = XCBuildConfiguration;
			baseConfigurationReference = 51F1A27B8337D05E9AFC1189 /* Pods-GramApp.debug.xcconfig */;
			buildSettings = {
				ASSETCATALOG_COMPILER_APPICON_NAME = AppIcon;
				CLANG_ENABLE_MODULES = YES;
				DEVELOPMENT_TEAM = WE6L8Y26GJ;
				INFOPLIST_FILE = GramApp/Info.plist;
				LD_RUNPATH_SEARCH_PATHS = "$(inherited) @executable_path/Frameworks";
				PRODUCT_BUNDLE_IDENTIFIER = com.fiksApps.GramApp;
				PRODUCT_NAME = "$(TARGET_NAME)";
				SWIFT_OBJC_BRIDGING_HEADER = "GramApp/GramApp-Bridging-Header.h";
				SWIFT_OPTIMIZATION_LEVEL = "-Onone";
				SWIFT_VERSION = 3.0;
			};
			name = Debug;
		};
		5B04A4EB1DE21E51000C12A9 /* Release */ = {
			isa = XCBuildConfiguration;
			baseConfigurationReference = 99B99EC73C5C920578E318B7 /* Pods-GramApp.release.xcconfig */;
			buildSettings = {
				ASSETCATALOG_COMPILER_APPICON_NAME = AppIcon;
				CLANG_ENABLE_MODULES = YES;
				DEVELOPMENT_TEAM = WE6L8Y26GJ;
				INFOPLIST_FILE = GramApp/Info.plist;
				LD_RUNPATH_SEARCH_PATHS = "$(inherited) @executable_path/Frameworks";
				PRODUCT_BUNDLE_IDENTIFIER = com.fiksApps.GramApp;
				PRODUCT_NAME = "$(TARGET_NAME)";
				SWIFT_OBJC_BRIDGING_HEADER = "GramApp/GramApp-Bridging-Header.h";
				SWIFT_VERSION = 3.0;
			};
			name = Release;
		};
/* End XCBuildConfiguration section */

/* Begin XCConfigurationList section */
		5B04A4D21DE21E51000C12A9 /* Build configuration list for PBXProject "GramApp" */ = {
			isa = XCConfigurationList;
			buildConfigurations = (
				5B04A4E71DE21E51000C12A9 /* Debug */,
				5B04A4E81DE21E51000C12A9 /* Release */,
			);
			defaultConfigurationIsVisible = 0;
			defaultConfigurationName = Release;
		};
		5B04A4E91DE21E51000C12A9 /* Build configuration list for PBXNativeTarget "GramApp" */ = {
			isa = XCConfigurationList;
			buildConfigurations = (
				5B04A4EA1DE21E51000C12A9 /* Debug */,
				5B04A4EB1DE21E51000C12A9 /* Release */,
			);
			defaultConfigurationIsVisible = 0;
			defaultConfigurationName = Release;
		};
/* End XCConfigurationList section */
	};
	rootObject = 5B04A4CF1DE21E51000C12A9 /* Project object */;
}
